Microsoft Visual Studio Solution File, Format Version 12.00
# Visual Studio Version 17
VisualStudioVersion = 17.5.2.0
MinimumVisualStudioVersion = 10.0.40219.1
Project("{FAE04EC0-301F-11D3-BF4B-00C04F79EFBC}") = "Excellent", "Excellent.csproj", "{17636A9F-1953-1720-484D-50E948ABA3D7}"
EndProject
Global
	GlobalSection(SolutionConfigurationPlatforms) = preSolution
		Debug|Any CPU = Debug|Any CPU
		Release|Any CPU = Release|Any CPU
	EndGlobalSection
	GlobalSection(ProjectConfigurationPlatforms) = postSolution
		{17636A9F-1953-1720-484D-50E948ABA3D7}.Debug|Any CPU.ActiveCfg = Debug|Any CPU
		{17636A9F-1953-1720-484D-50E948ABA3D7}.Debug|Any CPU.Build.0 = Debug|Any CPU
		{17636A9F-1953-1720-484D-50E948ABA3D7}.Release|Any CPU.ActiveCfg = Release|Any CPU
		{17636A9F-1953-1720-484D-50E948ABA3D7}.Release|Any CPU.Build.0 = Release|Any CPU
	EndGlobalSection
	GlobalSection(SolutionProperties) = preSolution
		HideSolutionNode = FALSE
	EndGlobalSection
	GlobalSection(ExtensibilityGlobals) = postSolution
		SolutionGuid = {B4B857E7-7994-416E-990F-0A1FA8EDDBF2}
	EndGlobalSection
EndGlobal
